
Microsoft Visual Studio Solution File, Format Version 12.00
Project("{F2A71F9B-5D33-465A-A702-920D77279786}") = "Day1", "Day1\Day1.fsproj", "{A0F5872F-9869-478A-84A7-A7752A519099}"
EndProject
Project("{F2A71F9B-5D33-465A-A702-920D77279786}") = "Utils", "Utils\Utils.fsproj", "{084060C1-6DA2-4020-AE18-B60480E5CC26}"
EndProject
Project("{F2A71F9B-5D33-465A-A702-920D77279786}") = "Day2", "Day2\Day2.fsproj", "{05D56822-75B3-4A50-AB34-93C922D14C9D}"
EndProject
Project("{F2A71F9B-5D33-465A-A702-920D77279786}") = "Day3", "Day3\Day3.fsproj", "{433B9434-5CA1-480C-87F7-05B603B5862E}"
EndProject
Project("{F2A71F9B-5D33-465A-A702-920D77279786}") = "Day4", "Day4\Day4.fsproj", "{51176A6D-DFA7-4AE9-996B-0A079DD1DB55}"
EndProject
Project("{F2A71F9B-5D33-465A-A702-920D77279786}") = "Day5", "Day5\Day5.fsproj", "{B1F9C42D-DD29-42E7-AE64-CD1DF422409F}"
EndProject
Project("{F2A71F9B-5D33-465A-A702-920D77279786}") = "Day6", "Day6\Day6.fsproj", "{0ACD4EF5-E446-4648-B321-AAB0472DA32E}"
EndProject
Project("{F2A71F9B-5D33-465A-A702-920D77279786}") = "IntcodeComputer", "IntcodeComputer\IntcodeComputer.fsproj", "{A4819EB5-5DFD-419A-B244-A5EBBB2F4329}"
EndProject
Project("{F2A71F9B-5D33-465A-A702-920D77279786}") = "Day7", "Day7\Day7.fsproj", "{05E96DD7-D6FE-48FD-BFB9-2ABC28512D56}"
EndProject
Project("{F2A71F9B-5D33-465A-A702-920D77279786}") = "Day8", "Day8\Day8.fsproj", "{B34B4C64-7927-4DDC-BE39-DC9B35BEB456}"
EndProject
Project("{F2A71F9B-5D33-465A-A702-920D77279786}") = "Day9", "Day9\Day9.fsproj", "{25177C56-B7C2-46C6-A74F-32F77950804D}"
EndProject
Global
	GlobalSection(SolutionConfigurationPlatforms) = preSolution
		Debug|Any CPU = Debug|Any CPU
		Release|Any CPU = Release|Any CPU
	EndGlobalSection
	GlobalSection(ProjectConfigurationPlatforms) = postSolution
		{A0F5872F-9869-478A-84A7-A7752A519099}.Debug|Any CPU.ActiveCfg = Debug|Any CPU
		{A0F5872F-9869-478A-84A7-A7752A519099}.Debug|Any CPU.Build.0 = Debug|Any CPU
		{A0F5872F-9869-478A-84A7-A7752A519099}.Release|Any CPU.ActiveCfg = Release|Any CPU
		{A0F5872F-9869-478A-84A7-A7752A519099}.Release|Any CPU.Build.0 = Release|Any CPU
		{084060C1-6DA2-4020-AE18-B60480E5CC26}.Debug|Any CPU.ActiveCfg = Debug|Any CPU
		{084060C1-6DA2-4020-AE18-B60480E5CC26}.Debug|Any CPU.Build.0 = Debug|Any CPU
		{084060C1-6DA2-4020-AE18-B60480E5CC26}.Release|Any CPU.ActiveCfg = Release|Any CPU
		{084060C1-6DA2-4020-AE18-B60480E5CC26}.Release|Any CPU.Build.0 = Release|Any CPU
		{05D56822-75B3-4A50-AB34-93C922D14C9D}.Debug|Any CPU.ActiveCfg = Debug|Any CPU
		{05D56822-75B3-4A50-AB34-93C922D14C9D}.Debug|Any CPU.Build.0 = Debug|Any CPU
		{05D56822-75B3-4A50-AB34-93C922D14C9D}.Release|Any CPU.ActiveCfg = Release|Any CPU
		{05D56822-75B3-4A50-AB34-93C922D14C9D}.Release|Any CPU.Build.0 = Release|Any CPU
		{433B9434-5CA1-480C-87F7-05B603B5862E}.Debug|Any CPU.ActiveCfg = Debug|Any CPU
		{433B9434-5CA1-480C-87F7-05B603B5862E}.Debug|Any CPU.Build.0 = Debug|Any CPU
		{433B9434-5CA1-480C-87F7-05B603B5862E}.Release|Any CPU.ActiveCfg = Release|Any CPU
		{433B9434-5CA1-480C-87F7-05B603B5862E}.Release|Any CPU.Build.0 = Release|Any CPU
		{51176A6D-DFA7-4AE9-996B-0A079DD1DB55}.Debug|Any CPU.ActiveCfg = Debug|Any CPU
		{51176A6D-DFA7-4AE9-996B-0A079DD1DB55}.Debug|Any CPU.Build.0 = Debug|Any CPU
		{51176A6D-DFA7-4AE9-996B-0A079DD1DB55}.Release|Any CPU.ActiveCfg = Release|Any CPU
		{51176A6D-DFA7-4AE9-996B-0A079DD1DB55}.Release|Any CPU.Build.0 = Release|Any CPU
		{B1F9C42D-DD29-42E7-AE64-CD1DF422409F}.Debug|Any CPU.ActiveCfg = Debug|Any CPU
		{B1F9C42D-DD29-42E7-AE64-CD1DF422409F}.Debug|Any CPU.Build.0 = Debug|Any CPU
		{B1F9C42D-DD29-42E7-AE64-CD1DF422409F}.Release|Any CPU.ActiveCfg = Release|Any CPU
		{B1F9C42D-DD29-42E7-AE64-CD1DF422409F}.Release|Any CPU.Build.0 = Release|Any CPU
		{0ACD4EF5-E446-4648-B321-AAB0472DA32E}.Debug|Any CPU.ActiveCfg = Debug|Any CPU
		{0ACD4EF5-E446-4648-B321-AAB0472DA32E}.Debug|Any CPU.Build.0 = Debug|Any CPU
		{0ACD4EF5-E446-4648-B321-AAB0472DA32E}.Release|Any CPU.ActiveCfg = Release|Any CPU
		{0ACD4EF5-E446-4648-B321-AAB0472DA32E}.Release|Any CPU.Build.0 = Release|Any CPU
		{A4819EB5-5DFD-419A-B244-A5EBBB2F4329}.Debug|Any CPU.ActiveCfg = Debug|Any CPU
		{A4819EB5-5DFD-419A-B244-A5EBBB2F4329}.Debug|Any CPU.Build.0 = Debug|Any CPU
		{A4819EB5-5DFD-419A-B244-A5EBBB2F4329}.Release|Any CPU.ActiveCfg = Release|Any CPU
		{A4819EB5-5DFD-419A-B244-A5EBBB2F4329}.Release|Any CPU.Build.0 = Release|Any CPU
		{05E96DD7-D6FE-48FD-BFB9-2ABC28512D56}.Debug|Any CPU.ActiveCfg = Debug|Any CPU
		{05E96DD7-D6FE-48FD-BFB9-2ABC28512D56}.Debug|Any CPU.Build.0 = Debug|Any CPU
		{05E96DD7-D6FE-48FD-BFB9-2ABC28512D56}.Release|Any CPU.ActiveCfg = Release|Any CPU
		{05E96DD7-D6FE-48FD-BFB9-2ABC28512D56}.Release|Any CPU.Build.0 = Release|Any CPU
		{B34B4C64-7927-4DDC-BE39-DC9B35BEB456}.Debug|Any CPU.ActiveCfg = Debug|Any CPU
		{B34B4C64-7927-4DDC-BE39-DC9B35BEB456}.Debug|Any CPU.Build.0 = Debug|Any CPU
		{B34B4C64-7927-4DDC-BE39-DC9B35BEB456}.Release|Any CPU.ActiveCfg = Release|Any CPU
		{B34B4C64-7927-4DDC-BE39-DC9B35BEB456}.Release|Any CPU.Build.0 = Release|Any CPU
		{25177C56-B7C2-46C6-A74F-32F77950804D}.Debug|Any CPU.ActiveCfg = Debug|Any CPU
		{25177C56-B7C2-46C6-A74F-32F77950804D}.Debug|Any CPU.Build.0 = Debug|Any CPU
		{25177C56-B7C2-46C6-A74F-32F77950804D}.Release|Any CPU.ActiveCfg = Release|Any CPU
		{25177C56-B7C2-46C6-A74F-32F77950804D}.Release|Any CPU.Build.0 = Release|Any CPU
	EndGlobalSection
EndGlobal
